
Microsoft Visual Studio Solution File, Format Version 11.00
# Visual Studio 2010
Project("{FAE04EC0-301F-11D3-BF4B-00C04F79EFBC}") = "Win.CodeNavi", "Win.CodeNavi\Win.CodeNavi.csproj", "{ACFF5711-6484-4C0A-9B13-E49B3FB2AA83}"
EndProject
Global
	GlobalSection(SolutionConfigurationPlatforms) = preSolution
		Debug|x86 = Debug|x86
		Release|x86 = Release|x86
	EndGlobalSection
	GlobalSection(ProjectConfigurationPlatforms) = postSolution
		{ACFF5711-6484-4C0A-9B13-E49B3FB2AA83}.Debug|x86.ActiveCfg = Debug|x86
		{ACFF5711-6484-4C0A-9B13-E49B3FB2AA83}.Debug|x86.Build.0 = Debug|x86
		{ACFF5711-6484-4C0A-9B13-E49B3FB2AA83}.Release|x86.ActiveCfg = Release|x86
		{ACFF5711-6484-4C0A-9B13-E49B3FB2AA83}.Release|x86.Build.0 = Release|x86
	EndGlobalSection
	GlobalSection(SolutionProperties) = preSolution
		HideSolutionNode = FALSE
	EndGlobalSection
EndGlobal
